Microsoft Visual Studio Solution File, Format Version 11.00
# Visual Studio 2010
Project("{2150E333-8FDC-42A3-9474-1A3956D46DE8}") = "Solution Items", "Solution Items", "{0691ABF2-B3C7-43BF-9862-2D8D1299CE58}"
	ProjectSection(SolutionItems) = preProject
		BuildAll.MSBuild = BuildAll.MSBuild
		..\go.bat = ..\go.bat
		..\Hiro.build = ..\Hiro.build
		ILMerge.MSBuild = ILMerge.MSBuild
	EndProjectSection
EndProject
Project("{FAE04EC0-301F-11D3-BF4B-00C04F79EFBC}") = "Hiro", "Core\Hiro.csproj", "{4A778B50-F400-4301-BD6F-772761DFAE16}"
EndProject
Project("{FAE04EC0-301F-11D3-BF4B-00C04F79EFBC}") = "Hiro.Containers", "Hiro.Containers\Hiro.Containers.csproj", "{2E7E26C4-E391-4C33-9B6C-792B877F8F90}"
EndProject
Project("{FAE04EC0-301F-11D3-BF4B-00C04F79EFBC}") = "SampleAssembly", "SampleAssembly\SampleAssembly.csproj", "{C4F4397A-C810-437F-8449-9910C7215946}"
EndProject
Project("{FAE04EC0-301F-11D3-BF4B-00C04F79EFBC}") = "Hiro.Core.UnitTests", "UnitTests\Hiro.Core.UnitTests.csproj", "{FFBB1B9F-6F50-4796-833D-1A31935B8E10}"
EndProject
Project("{FAE04EC0-301F-11D3-BF4B-00C04F79EFBC}") = "Hiro.Functors", "Hiro.Functors\src\Core\Hiro.Functors.csproj", "{BC7162A2-55B6-4E5F-B80C-DD6E0C92C6E7}"
EndProject
Project("{FAE04EC0-301F-11D3-BF4B-00C04F79EFBC}") = "Hiro.Functors.UnitTests", "Hiro.Functors\src\UnitTests\Hiro.Functors.UnitTests.csproj", "{CA98D879-DD87-4517-B3C1-2AD4F2AE439C}"
EndProject
Project("{FAE04EC0-301F-11D3-BF4B-00C04F79EFBC}") = "Hiro.MSBuild.Tasks", "Hiro.MSBuild.Tasks\Hiro.MSBuild.Tasks.csproj", "{E96FCBC3-DA2A-495A-9700-A27555A33283}"
EndProject
Project("{FAE04EC0-301F-11D3-BF4B-00C04F79EFBC}") = "Hiro.Web", "Hiro.Web\src\Core\Hiro.Web.csproj", "{E7FCBBD1-8A45-4614-96EB-01C943862D14}"
EndProject
Project("{FAE04EC0-301F-11D3-BF4B-00C04F79EFBC}") = "Hiro.Web.UnitTests", "Hiro.Web\src\UnitTests\Hiro.Web.UnitTests.csproj", "{7B1A8626-69AF-49F2-B02C-0711263EEDF3}"
EndProject
Project("{2150E333-8FDC-42A3-9474-1A3956D46DE8}") = "Tests", "Tests", "{3D23CCFC-1E3A-4CA0-B81F-31D9AC7F9E54}"
EndProject
Project("{2150E333-8FDC-42A3-9474-1A3956D46DE8}") = "Core", "Core", "{E1FEBB62-72B1-4C4B-BE92-1720F1E480F9}"
EndProject
Global
	GlobalSection(SolutionConfigurationPlatforms) = preSolution
		AutomatedDebug|Any CPU = AutomatedDebug|Any CPU
		Debug|Any CPU = Debug|Any CPU
		Release|Any CPU = Release|Any CPU
	EndGlobalSection
	GlobalSection(ProjectConfigurationPlatforms) = postSolution
		{4A778B50-F400-4301-BD6F-772761DFAE16}.AutomatedDebug|Any CPU.ActiveCfg = AutomatedDebug|Any CPU
		{4A778B50-F400-4301-BD6F-772761DFAE16}.AutomatedDebug|Any CPU.Build.0 = AutomatedDebug|Any CPU
		{4A778B50-F400-4301-BD6F-772761DFAE16}.Debug|Any CPU.ActiveCfg = Debug|Any CPU
		{4A778B50-F400-4301-BD6F-772761DFAE16}.Debug|Any CPU.Build.0 = Debug|Any CPU
		{4A778B50-F400-4301-BD6F-772761DFAE16}.Release|Any CPU.ActiveCfg = Release|Any CPU
		{4A778B50-F400-4301-BD6F-772761DFAE16}.Release|Any CPU.Build.0 = Release|Any CPU
		{2E7E26C4-E391-4C33-9B6C-792B877F8F90}.AutomatedDebug|Any CPU.ActiveCfg = Debug|Any CPU
		{2E7E26C4-E391-4C33-9B6C-792B877F8F90}.AutomatedDebug|Any CPU.Build.0 = Debug|Any CPU
		{2E7E26C4-E391-4C33-9B6C-792B877F8F90}.Debug|Any CPU.ActiveCfg = Debug|Any CPU
		{2E7E26C4-E391-4C33-9B6C-792B877F8F90}.Debug|Any CPU.Build.0 = Debug|Any CPU
		{2E7E26C4-E391-4C33-9B6C-792B877F8F90}.Release|Any CPU.ActiveCfg = Release|Any CPU
		{2E7E26C4-E391-4C33-9B6C-792B877F8F90}.Release|Any CPU.Build.0 = Release|Any CPU
		{C4F4397A-C810-437F-8449-9910C7215946}.AutomatedDebug|Any CPU.ActiveCfg = Debug|Any CPU
		{C4F4397A-C810-437F-8449-9910C7215946}.AutomatedDebug|Any CPU.Build.0 = Debug|Any CPU
		{C4F4397A-C810-437F-8449-9910C7215946}.Debug|Any CPU.ActiveCfg = Debug|Any CPU
		{C4F4397A-C810-437F-8449-9910C7215946}.Debug|Any CPU.Build.0 = Debug|Any CPU
		{C4F4397A-C810-437F-8449-9910C7215946}.Release|Any CPU.ActiveCfg = Release|Any CPU
		{C4F4397A-C810-437F-8449-9910C7215946}.Release|Any CPU.Build.0 = Release|Any CPU
		{FFBB1B9F-6F50-4796-833D-1A31935B8E10}.AutomatedDebug|Any CPU.ActiveCfg = AutomatedDebug|Any CPU
		{FFBB1B9F-6F50-4796-833D-1A31935B8E10}.AutomatedDebug|Any CPU.Build.0 = AutomatedDebug|Any CPU
		{FFBB1B9F-6F50-4796-833D-1A31935B8E10}.Debug|Any CPU.ActiveCfg = Debug|Any CPU
		{FFBB1B9F-6F50-4796-833D-1A31935B8E10}.Debug|Any CPU.Build.0 = Debug|Any CPU
		{FFBB1B9F-6F50-4796-833D-1A31935B8E10}.Release|Any CPU.ActiveCfg = Release|Any CPU
		{FFBB1B9F-6F50-4796-833D-1A31935B8E10}.Release|Any CPU.Build.0 = Release|Any CPU
		{BC7162A2-55B6-4E5F-B80C-DD6E0C92C6E7}.AutomatedDebug|Any CPU.ActiveCfg = AutomatedDebug|Any CPU
		{BC7162A2-55B6-4E5F-B80C-DD6E0C92C6E7}.AutomatedDebug|Any CPU.Build.0 = AutomatedDebug|Any CPU
		{BC7162A2-55B6-4E5F-B80C-DD6E0C92C6E7}.Debug|Any CPU.ActiveCfg = Debug|Any CPU
		{BC7162A2-55B6-4E5F-B80C-DD6E0C92C6E7}.Debug|Any CPU.Build.0 = Debug|Any CPU
		{BC7162A2-55B6-4E5F-B80C-DD6E0C92C6E7}.Release|Any CPU.ActiveCfg = Release|Any CPU
		{BC7162A2-55B6-4E5F-B80C-DD6E0C92C6E7}.Release|Any CPU.Build.0 = Release|Any CPU
		{CA98D879-DD87-4517-B3C1-2AD4F2AE439C}.AutomatedDebug|Any CPU.ActiveCfg = AutomatedDebug|Any CPU
		{CA98D879-DD87-4517-B3C1-2AD4F2AE439C}.AutomatedDebug|Any CPU.Build.0 = AutomatedDebug|Any CPU
		{CA98D879-DD87-4517-B3C1-2AD4F2AE439C}.Debug|Any CPU.ActiveCfg = Debug|Any CPU
		{CA98D879-DD87-4517-B3C1-2AD4F2AE439C}.Debug|Any CPU.Build.0 = Debug|Any CPU
		{CA98D879-DD87-4517-B3C1-2AD4F2AE439C}.Release|Any CPU.ActiveCfg = Release|Any CPU
		{CA98D879-DD87-4517-B3C1-2AD4F2AE439C}.Release|Any CPU.Build.0 = Release|Any CPU
		{E96FCBC3-DA2A-495A-9700-A27555A33283}.AutomatedDebug|Any CPU.ActiveCfg = Debug|Any CPU
		{E96FCBC3-DA2A-495A-9700-A27555A33283}.AutomatedDebug|Any CPU.Build.0 = Debug|Any CPU
		{E96FCBC3-DA2A-495A-9700-A27555A33283}.Debug|Any CPU.ActiveCfg = Debug|Any CPU
		{E96FCBC3-DA2A-495A-9700-A27555A33283}.Debug|Any CPU.Build.0 = Debug|Any CPU
		{E96FCBC3-DA2A-495A-9700-A27555A33283}.Release|Any CPU.ActiveCfg = Release|Any CPU
		{E96FCBC3-DA2A-495A-9700-A27555A33283}.Release|Any CPU.Build.0 = Release|Any CPU
		{E7FCBBD1-8A45-4614-96EB-01C943862D14}.AutomatedDebug|Any CPU.ActiveCfg = AutomatedDebug|Any CPU
		{E7FCBBD1-8A45-4614-96EB-01C943862D14}.AutomatedDebug|Any CPU.Build.0 = AutomatedDebug|Any CPU
		{E7FCBBD1-8A45-4614-96EB-01C943862D14}.Debug|Any CPU.ActiveCfg = Debug|Any CPU
		{E7FCBBD1-8A45-4614-96EB-01C943862D14}.Debug|Any CPU.Build.0 = Debug|Any CPU
		{E7FCBBD1-8A45-4614-96EB-01C943862D14}.Release|Any CPU.ActiveCfg = Release|Any CPU
		{E7FCBBD1-8A45-4614-96EB-01C943862D14}.Release|Any CPU.Build.0 = Release|Any CPU
		{7B1A8626-69AF-49F2-B02C-0711263EEDF3}.AutomatedDebug|Any CPU.ActiveCfg = AutomatedDebug|Any CPU
		{7B1A8626-69AF-49F2-B02C-0711263EEDF3}.AutomatedDebug|Any CPU.Build.0 = AutomatedDebug|Any CPU
		{7B1A8626-69AF-49F2-B02C-0711263EEDF3}.Debug|Any CPU.ActiveCfg = Debug|Any CPU
		{7B1A8626-69AF-49F2-B02C-0711263EEDF3}.Debug|Any CPU.Build.0 = Debug|Any CPU
		{7B1A8626-69AF-49F2-B02C-0711263EEDF3}.Release|Any CPU.ActiveCfg = Release|Any CPU
		{7B1A8626-69AF-49F2-B02C-0711263EEDF3}.Release|Any CPU.Build.0 = Release|Any CPU
	EndGlobalSection
	GlobalSection(SolutionProperties) = preSolution
		HideSolutionNode = FALSE
	EndGlobalSection
	GlobalSection(NestedProjects) = preSolution
		{2E7E26C4-E391-4C33-9B6C-792B877F8F90} = {E1FEBB62-72B1-4C4B-BE92-1720F1E480F9}
		{BC7162A2-55B6-4E5F-B80C-DD6E0C92C6E7} = {E1FEBB62-72B1-4C4B-BE92-1720F1E480F9}
		{E96FCBC3-DA2A-495A-9700-A27555A33283} = {E1FEBB62-72B1-4C4B-BE92-1720F1E480F9}
		{E7FCBBD1-8A45-4614-96EB-01C943862D14} = {E1FEBB62-72B1-4C4B-BE92-1720F1E480F9}
		{4A778B50-F400-4301-BD6F-772761DFAE16} = {E1FEBB62-72B1-4C4B-BE92-1720F1E480F9}
		{FFBB1B9F-6F50-4796-833D-1A31935B8E10} = {3D23CCFC-1E3A-4CA0-B81F-31D9AC7F9E54}
		{CA98D879-DD87-4517-B3C1-2AD4F2AE439C} = {3D23CCFC-1E3A-4CA0-B81F-31D9AC7F9E54}
		{7B1A8626-69AF-49F2-B02C-0711263EEDF3} = {3D23CCFC-1E3A-4CA0-B81F-31D9AC7F9E54}
		{C4F4397A-C810-437F-8449-9910C7215946} = {3D23CCFC-1E3A-4CA0-B81F-31D9AC7F9E54}
	EndGlobalSection
EndGlobal
